
Microsoft Visual Studio Solution File, Format Version 12.00
# Visual Studio 2013
VisualStudioVersion = 12.0.21005.1
MinimumVisualStudioVersion = 10.0.40219.1
Project("{FAE04EC0-301F-11D3-BF4B-00C04F79EFBC}") = "Odin", "Odin\Odin.csproj", "{31B32BB6-A8F2-4EE8-B201-BE3870090862}"
EndProject
Project("{FAE04EC0-301F-11D3-BF4B-00C04F79EFBC}") = "Odin.Providers.FileStoreProvider", "Providers\FileStoreProvider\Odin.Providers.FileStoreProvider.csproj", "{CEE0BF18-B5DB-4C2F-AAAA-9B6BFC85AE5A}"
EndProject
Project("{FAE04EC0-301F-11D3-BF4B-00C04F79EFBC}") = "Odin.Providers.MemoryStoreProvider", "Providers\MemoryStoreProvider\Odin.Providers.MemoryStoreProvider.csproj", "{6CBD499B-5FB9-4AFC-81F3-56D935827B0B}"
EndProject
Project("{FAE04EC0-301F-11D3-BF4B-00C04F79EFBC}") = "Odin.Providers.TableStoreProvider", "Providers\TableStoreProvider\Odin.Providers.TableStoreProvider.csproj", "{DF1FEBE4-5573-4272-B185-1499A3591296}"
EndProject
Project("{2150E333-8FDC-42A3-9474-1A3956D46DE8}") = "Providers", "Providers", "{4EAE8E39-E58A-40A4-A597-34BE79B3559E}"
EndProject
Project("{FAE04EC0-301F-11D3-BF4B-00C04F79EFBC}") = "Odin.Tests", "Tests\Odin.Tests.csproj", "{7B1DC472-4F9D-436B-85AF-030923E76944}"
EndProject
Project("{2150E333-8FDC-42A3-9474-1A3956D46DE8}") = "Consumers", "Consumers", "{F3468C05-B6F8-48B7-BC27-198D6ED2027F}"
EndProject
Project("{FAE04EC0-301F-11D3-BF4B-00C04F79EFBC}") = "Odin.Consumers.JsonSerializer", "Odin.JsonSerializer\Odin.Consumers.JsonSerializer.csproj", "{A6454837-9A6D-4B21-894E-51387177D1AE}"
EndProject
Global
	GlobalSection(SolutionConfigurationPlatforms) = preSolution
		Debug|Any CPU = Debug|Any CPU
		Release|Any CPU = Release|Any CPU
	EndGlobalSection
	GlobalSection(ProjectConfigurationPlatforms) = postSolution
		{31B32BB6-A8F2-4EE8-B201-BE3870090862}.Debug|Any CPU.ActiveCfg = Debug|Any CPU
		{31B32BB6-A8F2-4EE8-B201-BE3870090862}.Debug|Any CPU.Build.0 = Debug|Any CPU
		{31B32BB6-A8F2-4EE8-B201-BE3870090862}.Release|Any CPU.ActiveCfg = Release|Any CPU
		{31B32BB6-A8F2-4EE8-B201-BE3870090862}.Release|Any CPU.Build.0 = Release|Any CPU
		{CEE0BF18-B5DB-4C2F-AAAA-9B6BFC85AE5A}.Debug|Any CPU.ActiveCfg = Debug|Any CPU
		{CEE0BF18-B5DB-4C2F-AAAA-9B6BFC85AE5A}.Debug|Any CPU.Build.0 = Debug|Any CPU
		{CEE0BF18-B5DB-4C2F-AAAA-9B6BFC85AE5A}.Release|Any CPU.ActiveCfg = Release|Any CPU
		{CEE0BF18-B5DB-4C2F-AAAA-9B6BFC85AE5A}.Release|Any CPU.Build.0 = Release|Any CPU
		{6CBD499B-5FB9-4AFC-81F3-56D935827B0B}.Debug|Any CPU.ActiveCfg = Debug|Any CPU
		{6CBD499B-5FB9-4AFC-81F3-56D935827B0B}.Debug|Any CPU.Build.0 = Debug|Any CPU
		{6CBD499B-5FB9-4AFC-81F3-56D935827B0B}.Release|Any CPU.ActiveCfg = Release|Any CPU
		{6CBD499B-5FB9-4AFC-81F3-56D935827B0B}.Release|Any CPU.Build.0 = Release|Any CPU
		{DF1FEBE4-5573-4272-B185-1499A3591296}.Debug|Any CPU.ActiveCfg = Debug|Any CPU
		{DF1FEBE4-5573-4272-B185-1499A3591296}.Debug|Any CPU.Build.0 = Debug|Any CPU
		{DF1FEBE4-5573-4272-B185-1499A3591296}.Release|Any CPU.ActiveCfg = Release|Any CPU
		{DF1FEBE4-5573-4272-B185-1499A3591296}.Release|Any CPU.Build.0 = Release|Any CPU
		{7B1DC472-4F9D-436B-85AF-030923E76944}.Debug|Any CPU.ActiveCfg = Debug|Any CPU
		{7B1DC472-4F9D-436B-85AF-030923E76944}.Debug|Any CPU.Build.0 = Debug|Any CPU
		{7B1DC472-4F9D-436B-85AF-030923E76944}.Release|Any CPU.ActiveCfg = Release|Any CPU
		{7B1DC472-4F9D-436B-85AF-030923E76944}.Release|Any CPU.Build.0 = Release|Any CPU
		{A6454837-9A6D-4B21-894E-51387177D1AE}.Debug|Any CPU.ActiveCfg = Debug|Any CPU
		{A6454837-9A6D-4B21-894E-51387177D1AE}.Debug|Any CPU.Build.0 = Debug|Any CPU
		{A6454837-9A6D-4B21-894E-51387177D1AE}.Release|Any CPU.ActiveCfg = Release|Any CPU
		{A6454837-9A6D-4B21-894E-51387177D1AE}.Release|Any CPU.Build.0 = Release|Any CPU
	EndGlobalSection
	GlobalSection(SolutionProperties) = preSolution
		HideSolutionNode = FALSE
	EndGlobalSection
	GlobalSection(NestedProjects) = preSolution
		{6CBD499B-5FB9-4AFC-81F3-56D935827B0B} = {4EAE8E39-E58A-40A4-A597-34BE79B3559E}
		{DF1FEBE4-5573-4272-B185-1499A3591296} = {4EAE8E39-E58A-40A4-A597-34BE79B3559E}
		{CEE0BF18-B5DB-4C2F-AAAA-9B6BFC85AE5A} = {4EAE8E39-E58A-40A4-A597-34BE79B3559E}
		{A6454837-9A6D-4B21-894E-51387177D1AE} = {F3468C05-B6F8-48B7-BC27-198D6ED2027F}
	EndGlobalSection
EndGlobal
